<?xml version="1.0" encoding="utf-8"?>
<Project ToolsVersion="4.0" xmlns="http://schemas.microsoft.com/developer/msbuild/2003">
  <ItemGroup>
    <Filter Include="System">
      <UniqueIdentifier>{4a48a01f-b523-4066-994e-01827dba9810}</UniqueIdentifier>
    </Filter>
    <Filter Include="Graphic">
      <UniqueIdentifier>{fbc9dfab-d4e2-4755-9b47-5a56e2c8168b}</UniqueIdentifier>
    </Filter>
    <Filter Include="Graphic\Memory">
      <UniqueIdentifier>{dc6c7c4d-f9ad-4a9c-b825-15b793c093c7}</UniqueIdentifier>
    </Filter>
    <Filter Include="Platform">
      <UniqueIdentifier>{40fb2626-a16f-42ee-b26f-08a0002cdff4}</UniqueIdentifier>
    </Filter>
    <Filter Include="Utils">
      <UniqueIdentifier>{e11e2ef7-4b19-4279-b021-48e2cc61522f}</UniqueIdentifier>
    </Filter>
    <Filter Include="Utils\Geommath">
      <UniqueIdentifier>{833e7a29-9639-47ba-b0aa-e1c577bf165f}</UniqueIdentifier>
    </Filter>
    <Filter Include="Utils\IO">
      <UniqueIdentifier>{73178eeb-3133-43fa-8c0a-7639148e2f0a}</UniqueIdentifier>
    </Filter>
    <Filter Include="Utils\DesignPattern">
      <UniqueIdentifier>{a4d636e1-6cfc-4f9d-9992-07c2f9f2a6e5}</UniqueIdentifier>
    </Filter>
    <Filter Include="Graphic\ChunkBasedRenderContext">
      <UniqueIdentifier>{dae6b3fa-8277-4557-a952-b69a3f8e2d18}</UniqueIdentifier>
    </Filter>
  </ItemGroup>
  <ItemGroup>
    <ClCompile Include="System\Application.cpp">
      <Filter>System</Filter>
    </ClCompile>
    <ClCompile Include="stdafx.cpp" />
    <ClCompile Include="Graphic\Memory\StackAllocator.cpp">
      <Filter>Graphic\Memory</Filter>
    </ClCompile>
    <ClCompile Include="Graphic\Memory\Allocators.cpp">
      <Filter>Graphic\Memory</Filter>
    </ClCompile>
    <ClCompile Include="Graphic\GraphicDevice.cpp">
      <Filter>Graphic</Filter>
    </ClCompile>
    <ClCompile Include="dataformat_interpreter.cpp" />
    <ClCompile Include="floating_point.cpp" />
    <ClCompile Include="Utils\simple_mesh.cpp">
      <Filter>Utils</Filter>
    </ClCompile>
    <ClCompile Include="Graphic\Swapchain.cpp">
      <Filter>Graphic</Filter>
    </ClCompile>
    <ClCompile Include="Graphic\OutputDevice.cpp">
      <Filter>Graphic</Filter>
    </ClCompile>
    <ClCompile Include="Graphic\RenderSurface.cpp">
      <Filter>Graphic</Filter>
    </ClCompile>
    <ClCompile Include="Graphic\GPUResourceViews.cpp">
      <Filter>Graphic</Filter>
    </ClCompile>
    <ClCompile Include="Graphic\GPUFence.cpp">
      <Filter>Graphic</Filter>
    </ClCompile>
    <ClCompile Include="Graphic\Texture.cpp">
      <Filter>Graphic</Filter>
    </ClCompile>
    <ClCompile Include="Graphic\ShaderManager.cpp">
      <Filter>Graphic</Filter>
    </ClCompile>
    <ClCompile Include="Graphic\GraphicHelpers.cpp">
      <Filter>Graphic</Filter>
    </ClCompile>
    <ClCompile Include="Graphic\VertexDescription.cpp">
      <Filter>Graphic</Filter>
    </ClCompile>
    <ClCompile Include="Graphic\RenderableTexture.cpp">
      <Filter>Graphic</Filter>
    </ClCompile>
    <ClCompile Include="Utils\IO\FileIO.cpp">
      <Filter>Utils\IO</Filter>
    </ClCompile>
    <ClCompile Include="Utils\IO\tga_reader.cpp">
      <Filter>Utils\IO</Filter>
    </ClCompile>
    <ClCompile Include="Graphic\RenderSet.cpp">
      <Filter>Graphic</Filter>
    </ClCompile>
    <ClCompile Include="Graphic\RenderSurfaceManager.cpp">
      <Filter>Graphic</Filter>
    </ClCompile>
    <ClCompile Include="Graphic\RenderStateManager.cpp">
      <Filter>Graphic</Filter>
    </ClCompile>
    <ClCompile Include="Graphic\ChunkBasedRenderContext\RenderContext.cpp">
      <Filter>Graphic\ChunkBasedRenderContext</Filter>
    </ClCompile>
    <ClCompile Include="Graphic\ChunkBasedRenderContext\RenderContextChunk.cpp">
      <Filter>Graphic\ChunkBasedRenderContext</Filter>
    </ClCompile>
  </ItemGroup>
  <ItemGroup>
    <ClInclude Include="System\Application.h">
      <Filter>System</Filter>
    </ClInclude>
    <ClInclude Include="stdafx.h" />
    <ClInclude Include="Graphic\Memory\IAllocator.h">
      <Filter>Graphic\Memory</Filter>
    </ClInclude>
    <ClInclude Include="Graphic\Memory\StackAllocator.h">
      <Filter>Graphic\Memory</Filter>
    </ClInclude>
    <ClInclude Include="Graphic\Memory\Allocators.h">
      <Filter>Graphic\Memory</Filter>
    </ClInclude>
    <ClInclude Include="Graphic\GraphicDevice.h">
      <Filter>Graphic</Filter>
    </ClInclude>
    <ClInclude Include="System\ConfigData.h">
      <Filter>System</Filter>
    </ClInclude>
    <ClInclude Include="Framework.h" />
    <ClInclude Include="Platform\Platform.h">
      <Filter>Platform</Filter>
    </ClInclude>
    <ClInclude Include="Platform\PlatformDefine.h">
      <Filter>Platform</Filter>
    </ClInclude>
    <ClInclude Include="Platform\PlatformInclude.h">
      <Filter>Platform</Filter>
    </ClInclude>
    <ClInclude Include="Utils\Geommath\geommath.h">
      <Filter>Utils\Geommath</Filter>
    </ClInclude>
    <ClInclude Include="Utils\Geommath\matrix4unaligned.h">
      <Filter>Utils\Geommath</Filter>
    </ClInclude>
    <ClInclude Include="Utils\Geommath\vector2unaligned.h">
      <Filter>Utils\Geommath</Filter>
    </ClInclude>
    <ClInclude Include="Utils\Geommath\vector3unaligned.h">
      <Filter>Utils\Geommath</Filter>
    </ClInclude>
    <ClInclude Include="Utils\Geommath\vector4unaligned.h">
      <Filter>Utils\Geommath</Filter>
    </ClInclude>
    <ClInclude Include="Utils\Utils.h">
      <Filter>Utils</Filter>
    </ClInclude>
    <ClInclude Include="std_cbuffer.h" />
    <ClInclude Include="shader_base.h" />
    <ClInclude Include="dataformat_interpreter.h" />
    <ClInclude Include="floating_point.h" />
    <ClInclude Include="Utils\simple_mesh.h">
      <Filter>Utils</Filter>
    </ClInclude>
    <ClInclude Include="Graphic\Swapchain.h">
      <Filter>Graphic</Filter>
    </ClInclude>
    <ClInclude Include="Graphic\OutputDevice.h">
      <Filter>Graphic</Filter>
    </ClInclude>
    <ClInclude Include="Graphic\RenderSurface.h">
      <Filter>Graphic</Filter>
    </ClInclude>
    <ClInclude Include="Graphic\GPUResourceViews.h">
      <Filter>Graphic</Filter>
    </ClInclude>
    <ClInclude Include="Graphic\GPUFence.h">
      <Filter>Graphic</Filter>
    </ClInclude>
    <ClInclude Include="Graphic\Texture.h">
      <Filter>Graphic</Filter>
    </ClInclude>
    <ClInclude Include="Graphic\ShaderManager.h">
      <Filter>Graphic</Filter>
    </ClInclude>
    <ClInclude Include="Graphic\IncludedShaders.h">
      <Filter>Graphic</Filter>
    </ClInclude>
    <ClInclude Include="Graphic\GraphicHelpers.h">
      <Filter>Graphic</Filter>
    </ClInclude>
    <ClInclude Include="Graphic\VertexDescription.h">
      <Filter>Graphic</Filter>
    </ClInclude>
    <ClInclude Include="Graphic\RenderableTexture.h">
      <Filter>Graphic</Filter>
    </ClInclude>
    <ClInclude Include="Utils\IO\FileIO.h">
      <Filter>Utils\IO</Filter>
    </ClInclude>
    <ClInclude Include="Utils\IO\tga_reader.h">
      <Filter>Utils\IO</Filter>
    </ClInclude>
    <ClInclude Include="Graphic\RenderSet.h">
      <Filter>Graphic</Filter>
    </ClInclude>
    <ClInclude Include="Utils\DesignPattern\Factory.h">
      <Filter>Utils\DesignPattern</Filter>
    </ClInclude>
    <ClInclude Include="Utils\DesignPattern\Singleton.h">
      <Filter>Utils\DesignPattern</Filter>
    </ClInclude>
    <ClInclude Include="Graphic\RenderSurfaceManager.h">
      <Filter>Graphic</Filter>
    </ClInclude>
    <ClInclude Include="Graphic\RenderStateManager.h">
      <Filter>Graphic</Filter>
    </ClInclude>
    <ClInclude Include="Graphic\ChunkBasedRenderContext\CommandList.h">
      <Filter>Graphic\ChunkBasedRenderContext</Filter>
    </ClInclude>
    <ClInclude Include="Graphic\ChunkBasedRenderContext\RenderContext.h">
      <Filter>Graphic\ChunkBasedRenderContext</Filter>
    </ClInclude>
    <ClInclude Include="Graphic\ChunkBasedRenderContext\RenderContextChunk.h">
      <Filter>Graphic\ChunkBasedRenderContext</Filter>
    </ClInclude>
  </ItemGroup>
  <ItemGroup>
    <OrbisWavePsslc Include="shader_p.pssl" />
    <OrbisWavePsslc Include="shader_vv.pssl" />
    <OrbisWavePsslc Include="cs_set_uint_c.pssl" />
    <OrbisWavePsslc Include="cs_set_uint_fast_c.pssl" />
    <OrbisWavePsslc Include="pix_clear_p.pssl" />
  </ItemGroup>
  <ItemGroup>
    <None Include="vsoutput.hs" />
    <None Include="illum.hs" />
  </ItemGroup>
</Project>